// !$*UTF8*$!
{
	archiveVersion = 1;
	classes = {
	};
	objectVersion = 56;
	objects = {

/* Begin PBXBuildFile section */
		60BB83722BD3DE0800ECCB13 /* AppDelegate.swift in Sources */ = {isa = PBXBuildFile; fileRef = 60BB83712BD3DE0800ECCB13 /* AppDelegate.swift */; };
		60BB83742BD3DE0800ECCB13 /* SceneDelegate.swift in Sources */ = {isa = PBXBuildFile; fileRef = 60BB83732BD3DE0800ECCB13 /* SceneDelegate.swift */; };
		60BB837B2BD3DE0A00ECCB13 /* Assets.xcassets in Resources */ = {isa = PBXBuildFile; fileRef = 60BB837A2BD3DE0A00ECCB13 /* Assets.xcassets */; };
		60BB837E2BD3DE0A00ECCB13 /* Base in Resources */ = {isa = PBXBuildFile; fileRef = 60BB837D2BD3DE0A00ECCB13 /* Base */; };
		60BB83862BD3DE5A00ECCB13 /* CountriesVC.swift in Sources */ = {isa = PBXBuildFile; fileRef = 60BB83852BD3DE5A00ECCB13 /* CountriesVC.swift */; };
		60BB83882BD3DF4B00ECCB13 /* CountriesCell.swift in Sources */ = {isa = PBXBuildFile; fileRef = 60BB83872BD3DF4B00ECCB13 /* CountriesCell.swift */; };
		60BB838A2BD3E41B00ECCB13 /* CountryModel.swift in Sources */ = {isa = PBXBuildFile; fileRef = 60BB83892BD3E41B00ECCB13 /* CountryModel.swift */; };
		60BB83932BD3ECA400ECCB13 /* Networking.swift in Sources */ = {isa = PBXBuildFile; fileRef = 60BB83922BD3ECA400ECCB13 /* Networking.swift */; };
		60BB83992BD3F83700ECCB13 /* DetailsCountryVC.swift in Sources */ = {isa = PBXBuildFile; fileRef = 60BB83982BD3F83700ECCB13 /* DetailsCountryVC.swift */; };
		60BB839B2BD40C8000ECCB13 /* DetailView.swift in Sources */ = {isa = PBXBuildFile; fileRef = 60BB839A2BD40C8000ECCB13 /* DetailView.swift */; };
		60BB839E2BD4743B00ECCB13 /* CustomVerticalStack.swift in Sources */ = {isa = PBXBuildFile; fileRef = 60BB839D2BD4743B00ECCB13 /* CustomVerticalStack.swift */; };
		60BB83A02BD48E2C00ECCB13 /* CustomButtonLinks.swift in Sources */ = {isa = PBXBuildFile; fileRef = 60BB839F2BD48E2C00ECCB13 /* CustomButtonLinks.swift */; };
		60BB83A32BD5B1D100ECCB13 /* TableViewExtensions+.swift in Sources */ = {isa = PBXBuildFile; fileRef = 60BB83A22BD5B1D100ECCB13 /* TableViewExtensions+.swift */; };
		60BB83A52BD5BCCD00ECCB13 /* CountryDetails.swift in Sources */ = {isa = PBXBuildFile; fileRef = 60BB83A42BD5BCCD00ECCB13 /* CountryDetails.swift */; };
/* End PBXBuildFile section */

/* Begin PBXFileReference section */
		60BB836E2BD3DE0800ECCB13 /* FlagsApp N20.app */ = {isa = PBXFileReference; explicitFileType = wrapper.application; includeInIndex = 0; path = "FlagsApp N20.app"; sourceTree = BUILT_PRODUCTS_DIR; };
		60BB83712BD3DE0800ECCB13 /* AppDelegate.swift */ = {isa = PBXFileReference; lastKnownFileType = sourcecode.swift; path = AppDelegate.swift; sourceTree = "<group>"; };
		60BB83732BD3DE0800ECCB13 /* SceneDelegate.swift */ = {isa = PBXFileReference; lastKnownFileType = sourcecode.swift; path = SceneDelegate.swift; sourceTree = "<group>"; };
		60BB837A2BD3DE0A00ECCB13 /* Assets.xcassets */ = {isa = PBXFileReference; lastKnownFileType = folder.assetcatalog; path = Assets.xcassets; sourceTree = "<group>"; };
		60BB837D2BD3DE0A00ECCB13 /* Base */ = {isa = PBXFileReference; lastKnownFileType = file.storyboard; name = Base; path = Base.lproj/LaunchScreen.storyboard; sourceTree = "<group>"; };
		60BB837F2BD3DE0A00ECCB13 /* Info.plist */ = {isa = PBXFileReference; lastKnownFileType = text.plist.xml; path = Info.plist; sourceTree = "<group>"; };
		60BB83852BD3DE5A00ECCB13 /* CountriesVC.swift */ = {isa = PBXFileReference; lastKnownFileType = sourcecode.swift; path = CountriesVC.swift; sourceTree = "<group>"; };
		60BB83872BD3DF4B00ECCB13 /* CountriesCell.swift */ = {isa = PBXFileReference; lastKnownFileType = sourcecode.swift; path = CountriesCell.swift; sourceTree = "<group>"; };
		60BB83892BD3E41B00ECCB13 /* CountryModel.swift */ = {isa = PBXFileReference; lastKnownFileType = sourcecode.swift; path = CountryModel.swift; sourceTree = "<group>"; };
		60BB83922BD3ECA400ECCB13 /* Networking.swift */ = {isa = PBXFileReference; fileEncoding = 4; lastKnownFileType = sourcecode.swift; path = Networking.swift; sourceTree = "<group>"; };
		60BB83982BD3F83700ECCB13 /* DetailsCountryVC.swift */ = {isa = PBXFileReference; lastKnownFileType = sourcecode.swift; path = DetailsCountryVC.swift; sourceTree = "<group>"; };
		60BB839A2BD40C8000ECCB13 /* DetailView.swift */ = {isa = PBXFileReference; lastKnownFileType = sourcecode.swift; path = DetailView.swift; sourceTree = "<group>"; };
		60BB839D2BD4743B00ECCB13 /* CustomVerticalStack.swift */ = {isa = PBXFileReference; lastKnownFileType = sourcecode.swift; path = CustomVerticalStack.swift; sourceTree = "<group>"; };
		60BB839F2BD48E2C00ECCB13 /* CustomButtonLinks.swift */ = {isa = PBXFileReference; lastKnownFileType = sourcecode.swift; path = CustomButtonLinks.swift; sourceTree = "<group>"; };
		60BB83A22BD5B1D100ECCB13 /* TableViewExtensions+.swift */ = {isa = PBXFileReference; lastKnownFileType = sourcecode.swift; path = "TableViewExtensions+.swift"; sourceTree = "<group>"; };
		60BB83A42BD5BCCD00ECCB13 /* CountryDetails.swift */ = {isa = PBXFileReference; lastKnownFileType = sourcecode.swift; path = CountryDetails.swift; sourceTree = "<group>"; };
/* End PBXFileReference section */

/* Begin PBXFrameworksBuildPhase section */
		60BB836B2BD3DE0800ECCB13 /* Frameworks */ = {
			isa = PBXFrameworksBuildPhase;
			buildActionMask = 2147483647;
			files = (
			);
			runOnlyForDeploymentPostprocessing = 0;
		};
/* End PBXFrameworksBuildPhase section */

/* Begin PBXGroup section */
		60BB83652BD3DE0800ECCB13 = {
			isa = PBXGroup;
			children = (
				60BB83702BD3DE0800ECCB13 /* FlagsApp N20 */,
				60BB836F2BD3DE0800ECCB13 /* Products */,
			);
			sourceTree = "<group>";
		};
		60BB836F2BD3DE0800ECCB13 /* Products */ = {
			isa = PBXGroup;
			children = (
				60BB836E2BD3DE0800ECCB13 /* FlagsApp N20.app */,
			);
			name = Products;
			sourceTree = "<group>";
		};
		60BB83702BD3DE0800ECCB13 /* FlagsApp N20 */ = {
			isa = PBXGroup;
			children = (
				60BB838D2BD3EB9C00ECCB13 /* App */,
				60BB83912BD3EBD000ECCB13 /* Model */,
				60BB839C2BD4275600ECCB13 /* CustomViews */,
				60BB83A62BD5C14C00ECCB13 /* DetailsData */,
				60BB838E2BD3EBAB00ECCB13 /* Scenes */,
				60BB83A12BD5B19600ECCB13 /* TableViewExtensions */,
				60BB83902BD3EBC100ECCB13 /* CustomCells */,
				60BB83942BD3ECE800ECCB13 /* Resources */,
				60BB83952BD3ECFB00ECCB13 /* SupportingFiles */,
			);
			path = "FlagsApp N20";
			sourceTree = "<group>";
		};
		60BB838D2BD3EB9C00ECCB13 /* App */ = {
			isa = PBXGroup;
			children = (
				60BB83712BD3DE0800ECCB13 /* AppDelegate.swift */,
				60BB83732BD3DE0800ECCB13 /* SceneDelegate.swift */,
			);
			path = App;
			sourceTree = "<group>";
		};
		60BB838E2BD3EBAB00ECCB13 /* Scenes */ = {
			isa = PBXGroup;
			children = (
				60BB838F2BD3EBB400ECCB13 /* Countries */,
			);
			path = Scenes;
			sourceTree = "<group>";
		};
		60BB838F2BD3EBB400ECCB13 /* Countries */ = {
			isa = PBXGroup;
			children = (
				60BB83852BD3DE5A00ECCB13 /* CountriesVC.swift */,
				60BB83982BD3F83700ECCB13 /* DetailsCountryVC.swift */,
			);
			path = Countries;
			sourceTree = "<group>";
		};
		60BB83902BD3EBC100ECCB13 /* CustomCells */ = {
			isa = PBXGroup;
			children = (
				60BB83872BD3DF4B00ECCB13 /* CountriesCell.swift */,
			);
			path = CustomCells;
			sourceTree = "<group>";
		};
		60BB83912BD3EBD000ECCB13 /* Model */ = {
			isa = PBXGroup;
			children = (
				60BB83892BD3E41B00ECCB13 /* CountryModel.swift */,
				60BB83922BD3ECA400ECCB13 /* Networking.swift */,
			);
			path = Model;
			sourceTree = "<group>";
		};
		60BB83942BD3ECE800ECCB13 /* Resources */ = {
			isa = PBXGroup;
			children = (
				60BB837A2BD3DE0A00ECCB13 /* Assets.xcassets */,
			);
			path = Resources;
			sourceTree = "<group>";
		};
		60BB83952BD3ECFB00ECCB13 /* SupportingFiles */ = {
			isa = PBXGroup;
			children = (
				60BB837C2BD3DE0A00ECCB13 /* LaunchScreen.storyboard */,
				60BB837F2BD3DE0A00ECCB13 /* Info.plist */,
			);
			path = SupportingFiles;
			sourceTree = "<group>";
		};
		60BB839C2BD4275600ECCB13 /* CustomViews */ = {
			isa = PBXGroup;
			children = (
				60BB839A2BD40C8000ECCB13 /* DetailView.swift */,
				60BB839D2BD4743B00ECCB13 /* CustomVerticalStack.swift */,
				60BB839F2BD48E2C00ECCB13 /* CustomButtonLinks.swift */,
			);
			path = CustomViews;
			sourceTree = "<group>";
		};
		60BB83A12BD5B19600ECCB13 /* TableViewExtensions */ = {
			isa = PBXGroup;
			children = (
				60BB83A22BD5B1D100ECCB13 /* TableViewExtensions+.swift */,
			);
			path = TableViewExtensions;
			sourceTree = "<group>";
		};
		60BB83A62BD5C14C00ECCB13 /* DetailsData */ = {
			isa = PBXGroup;
			children = (
				60BB83A42BD5BCCD00ECCB13 /* CountryDetails.swift */,
			);
			path = DetailsData;
			sourceTree = "<group>";
		};
/* End PBXGroup section */

/* Begin PBXNativeTarget section */
		60BB836D2BD3DE0800ECCB13 /* FlagsApp N20 */ = {
			isa = PBXNativeTarget;
			buildConfigurationList = 60BB83822BD3DE0A00ECCB13 /* Build configuration list for PBXNativeTarget "FlagsApp N20" */;
			buildPhases = (
				60BB836A2BD3DE0800ECCB13 /* Sources */,
				60BB836B2BD3DE0800ECCB13 /* Frameworks */,
				60BB836C2BD3DE0800ECCB13 /* Resources */,
			);
			buildRules = (
			);
			dependencies = (
			);
			name = "FlagsApp N20";
			productName = "FlagsApp N20";
			productReference = 60BB836E2BD3DE0800ECCB13 /* FlagsApp N20.app */;
			productType = "com.apple.product-type.application";
		};
/* End PBXNativeTarget section */

/* Begin PBXProject section */
		60BB83662BD3DE0800ECCB13 /* Project object */ = {
			isa = PBXProject;
			attributes = {
				BuildIndependentTargetsInParallel = 1;
				LastSwiftUpdateCheck = 1530;
				LastUpgradeCheck = 1530;
				TargetAttributes = {
					60BB836D2BD3DE0800ECCB13 = {
						CreatedOnToolsVersion = 15.3;
					};
				};
			};
			buildConfigurationList = 60BB83692BD3DE0800ECCB13 /* Build configuration list for PBXProject "FlagsApp N20" */;
			compatibilityVersion = "Xcode 14.0";
			developmentRegion = en;
			hasScannedForEncodings = 0;
			knownRegions = (
				en,
				Base,
			);
			mainGroup = 60BB83652BD3DE0800ECCB13;
			productRefGroup = 60BB836F2BD3DE0800ECCB13 /* Products */;
			projectDirPath = "";
			projectRoot = "";
			targets = (
				60BB836D2BD3DE0800ECCB13 /* FlagsApp N20 */,
			);
		};
/* End PBXProject section */

/* Begin PBXResourcesBuildPhase section */
		60BB836C2BD3DE0800ECCB13 /* Resources */ = {
			isa = PBXResourcesBuildPhase;
			buildActionMask = 2147483647;
			files = (
				60BB837B2BD3DE0A00ECCB13 /* Assets.xcassets in Resources */,
				60BB837E2BD3DE0A00ECCB13 /* Base in Resources */,
			);
			runOnlyForDeploymentPostprocessing = 0;
		};
/* End PBXResourcesBuildPhase section */

/* Begin PBXSourcesBuildPhase section */
		60BB836A2BD3DE0800ECCB13 /* Sources */ = {
			isa = PBXSourcesBuildPhase;
			buildActionMask = 2147483647;
			files = (
				60BB83862BD3DE5A00ECCB13 /* CountriesVC.swift in Sources */,
				60BB839B2BD40C8000ECCB13 /* DetailView.swift in Sources */,
				60BB83A02BD48E2C00ECCB13 /* CustomButtonLinks.swift in Sources */,
				60BB83722BD3DE0800ECCB13 /* AppDelegate.swift in Sources */,
				60BB83A32BD5B1D100ECCB13 /* TableViewExtensions+.swift in Sources */,
				60BB83A52BD5BCCD00ECCB13 /* CountryDetails.swift in Sources */,
				60BB839E2BD4743B00ECCB13 /* CustomVerticalStack.swift in Sources */,
				60BB83992BD3F83700ECCB13 /* DetailsCountryVC.swift in Sources */,
				60BB83882BD3DF4B00ECCB13 /* CountriesCell.swift in Sources */,
				60BB83932BD3ECA400ECCB13 /* Networking.swift in Sources */,
				60BB83742BD3DE0800ECCB13 /* SceneDelegate.swift in Sources */,
				60BB838A2BD3E41B00ECCB13 /* CountryModel.swift in Sources */,
			);
			runOnlyForDeploymentPostprocessing = 0;
		};
/* End PBXSourcesBuildPhase section */

/* Begin PBXVariantGroup section */
		60BB837C2BD3DE0A00ECCB13 /* LaunchScreen.storyboard */ = {
			isa = PBXVariantGroup;
			children = (
				60BB837D2BD3DE0A00ECCB13 /* Base */,
			);
			name = LaunchScreen.storyboard;
			sourceTree = "<group>";
		};
/* End PBXVariantGroup section */

/* Begin XCBuildConfiguration section */
		60BB83802BD3DE0A00ECCB13 /* Debug */ = {
			isa = XCBuildConfiguration;
			buildSettings = {
				ALWAYS_SEARCH_USER_PATHS = NO;
				ASSETCATALOG_COMPILER_GENERATE_SWIFT_ASSET_SYMBOL_EXTENSIONS = YES;
				CLANG_ANALYZER_NONNULL = YES;
				CLANG_ANALYZER_NUMBER_OBJECT_CONVERSION = YES_AGGRESSIVE;
				CLANG_CXX_LANGUAGE_STANDARD = "gnu++20";
				CLANG_ENABLE_MODULES = YES;
				CLANG_ENABLE_OBJC_ARC = YES;
				CLANG_ENABLE_OBJC_WEAK = YES;
				CLANG_WARN_BLOCK_CAPTURE_AUTORELEASING = YES;
				CLANG_WARN_BOOL_CONVERSION = YES;
				CLANG_WARN_COMMA = YES;
				CLANG_WARN_CONSTANT_CONVERSION = YES;
				CLANG_WARN_DEPRECATED_OBJC_IMPLEMENTATIONS = YES;
				CLANG_WARN_DIRECT_OBJC_ISA_USAGE = YES_ERROR;
				CLANG_WARN_DOCUMENTATION_COMMENTS = YES;
				CLANG_WARN_EMPTY_BODY = YES;
				CLANG_WARN_ENUM_CONVERSION = YES;
				CLANG_WARN_INFINITE_RECURSION = YES;
				CLANG_WARN_INT_CONVERSION = YES;
				CLANG_WARN_NON_LITERAL_NULL_CONVERSION = YES;
				CLANG_WARN_OBJC_IMPLICIT_RETAIN_SELF = YES;
				CLANG_WARN_OBJC_LITERAL_CONVERSION = YES;
				CLANG_WARN_OBJC_ROOT_CLASS = YES_ERROR;
				CLANG_WARN_QUOTED_INCLUDE_IN_FRAMEWORK_HEADER = YES;
				CLANG_WARN_RANGE_LOOP_ANALYSIS = YES;
				CLANG_WARN_STRICT_PROTOTYPES = YES;
				CLANG_WARN_SUSPICIOUS_MOVE = YES;
				CLANG_WARN_UNGUARDED_AVAILABILITY = YES_AGGRESSIVE;
				CLANG_WARN_UNREACHABLE_CODE = YES;
				CLANG_WARN__DUPLICATE_METHOD_MATCH = YES;
				COPY_PHASE_STRIP = NO;
				DEBUG_INFORMATION_FORMAT = dwarf;
				ENABLE_STRICT_OBJC_MSGSEND = YES;
				ENABLE_TESTABILITY = YES;
				ENABLE_USER_SCRIPT_SANDBOXING = YES;
				GCC_C_LANGUAGE_STANDARD = gnu17;
				GCC_DYNAMIC_NO_PIC = NO;
				GCC_NO_COMMON_BLOCKS = YES;
				GCC_OPTIMIZATION_LEVEL = 0;
				GCC_PREPROCESSOR_DEFINITIONS = (
					"DEBUG=1",
					"$(inherited)",
				);
				GCC_WARN_64_TO_32_BIT_CONVERSION = YES;
				GCC_WARN_ABOUT_RETURN_TYPE = YES_ERROR;
				GCC_WARN_UNDECLARED_SELECTOR = YES;
				GCC_WARN_UNINITIALIZED_AUTOS = YES_AGGRESSIVE;
				GCC_WARN_UNUSED_FUNCTION = YES;
				GCC_WARN_UNUSED_VARIABLE = YES;
				IPHONEOS_DEPLOYMENT_TARGET = 17.4;
				LOCALIZATION_PREFERS_STRING_CATALOGS = YES;
				MTL_ENABLE_DEBUG_INFO = INCLUDE_SOURCE;
				MTL_FAST_MATH = YES;
				ONLY_ACTIVE_ARCH = YES;
				SDKROOT = iphoneos;
				SWIFT_ACTIVE_COMPILATION_CONDITIONS = "DEBUG $(inherited)";
				SWIFT_OPTIMIZATION_LEVEL = "-Onone";
			};
			name = Debug;
		};
		60BB83812BD3DE0A00ECCB13 /* Release */ = {
			isa = XCBuildConfiguration;
			buildSettings = {
				ALWAYS_SEARCH_USER_PATHS = NO;
				ASSETCATALOG_COMPILER_GENERATE_SWIFT_ASSET_SYMBOL_EXTENSIONS = YES;
				CLANG_ANALYZER_NONNULL = YES;
				CLANG_ANALYZER_NUMBER_OBJECT_CONVERSION = YES_AGGRESSIVE;
				CLANG_CXX_LANGUAGE_STANDARD = "gnu++20";
				CLANG_ENABLE_MODULES = YES;
				CLANG_ENABLE_OBJC_ARC = YES;
				CLANG_ENABLE_OBJC_WEAK = YES;
				CLANG_WARN_BLOCK_CAPTURE_AUTORELEASING = YES;
				CLANG_WARN_BOOL_CONVERSION = YES;
				CLANG_WARN_COMMA = YES;
				CLANG_WARN_CONSTANT_CONVERSION = YES;
				CLANG_WARN_DEPRECATED_OBJC_IMPLEMENTATIONS = YES;
				CLANG_WARN_DIRECT_OBJC_ISA_USAGE = YES_ERROR;
				CLANG_WARN_DOCUMENTATION_COMMENTS = YES;
				CLANG_WARN_EMPTY_BODY = YES;
				CLANG_WARN_ENUM_CONVERSION = YES;
				CLANG_WARN_INFINITE_RECURSION = YES;
				CLANG_WARN_INT_CONVERSION = YES;
				CLANG_WARN_NON_LITERAL_NULL_CONVERSION = YES;
				CLANG_WARN_OBJC_IMPLICIT_RETAIN_SELF = YES;
				CLANG_WARN_OBJC_LITERAL_CONVERSION = YES;
				CLANG_WARN_OBJC_ROOT_CLASS = YES_ERROR;
				CLANG_WARN_QUOTED_INCLUDE_IN_FRAMEWORK_HEADER = YES;
				CLANG_WARN_RANGE_LOOP_ANALYSIS = YES;
				CLANG_WARN_STRICT_PROTOTYPES = YES;
				CLANG_WARN_SUSPICIOUS_MOVE = YES;
				CLANG_WARN_UNGUARDED_AVAILABILITY = YES_AGGRESSIVE;
				CLANG_WARN_UNREACHABLE_CODE = YES;
				CLANG_WARN__DUPLICATE_METHOD_MATCH = YES;
				COPY_PHASE_STRIP = NO;
				DEBUG_INFORMATION_FORMAT = "dwarf-with-dsym";
				ENABLE_NS_ASSERTIONS = NO;
				ENABLE_STRICT_OBJC_MSGSEND = YES;
				ENABLE_USER_SCRIPT_SANDBOXING = YES;
				GCC_C_LANGUAGE_STANDARD = gnu17;
				GCC_NO_COMMON_BLOCKS = YES;
				GCC_WARN_64_TO_32_BIT_CONVERSION = YES;
				GCC_WARN_ABOUT_RETURN_TYPE = YES_ERROR;
				GCC_WARN_UNDECLARED_SELECTOR = YES;
				GCC_WARN_UNINITIALIZED_AUTOS = YES_AGGRESSIVE;
				GCC_WARN_UNUSED_FUNCTION = YES;
				GCC_WARN_UNUSED_VARIABLE = YES;
				IPHONEOS_DEPLOYMENT_TARGET = 17.4;
				LOCALIZATION_PREFERS_STRING_CATALOGS = YES;
				MTL_ENABLE_DEBUG_INFO = NO;
				MTL_FAST_MATH = YES;
				SDKROOT = iphoneos;
				SWIFT_COMPILATION_MODE = wholemodule;
				VALIDATE_PRODUCT = YES;
			};
			name = Release;
		};
		60BB83832BD3DE0A00ECCB13 /* Debug */ = {
			isa = XCBuildConfiguration;
			buildSettings = {
				ASSETCATALOG_COMPILER_APPICON_NAME = AppIcon;
				ASSETCATALOG_COMPILER_GLOBAL_ACCENT_COLOR_NAME = AccentColor;
				CODE_SIGN_STYLE = Automatic;
				CURRENT_PROJECT_VERSION = 1;
				DEVELOPMENT_TEAM = 2XP9JWLHYD;
				GENERATE_INFOPLIST_FILE = YES;
				INFOPLIST_FILE = "FlagsApp N20/SupportingFiles/Info.plist";
				INFOPLIST_KEY_UIApplicationSupportsIndirectInputEvents = YES;
				INFOPLIST_KEY_UILaunchStoryboardName = LaunchScreen;
				INFOPLIST_KEY_UISupportedInterfaceOrientations = UIInterfaceOrientationPortrait;
				INFOPLIST_KEY_UISupportedInterfaceOrientations_iPad = "UIInterfaceOrientationLandscapeLeft UIInterfaceOrientationLandscapeRight UIInterfaceOrientationPortrait UIInterfaceOrientationPortraitUpsideDown";
				IPHONEOS_DEPLOYMENT_TARGET = 17.0;
				LD_RUNPATH_SEARCH_PATHS = (
					"$(inherited)",
					"@executable_path/Frameworks",
				);
				MARKETING_VERSION = 1.0;
				PRODUCT_BUNDLE_IDENTIFIER = "com.papuashvilizuka.FlagsApp-N20";
				PRODUCT_NAME = "$(TARGET_NAME)";
				SWIFT_EMIT_LOC_STRINGS = YES;
				SWIFT_VERSION = 5.0;
				TARGETED_DEVICE_FAMILY = "1,2";
			};
			name = Debug;
		};
		60BB83842BD3DE0A00ECCB13 /* Release */ = {
			isa = XCBuildConfiguration;
			buildSettings = {
				ASSETCATALOG_COMPILER_APPICON_NAME = AppIcon;
				ASSETCATALOG_COMPILER_GLOBAL_ACCENT_COLOR_NAME = AccentColor;
				CODE_SIGN_STYLE = Automatic;
				CURRENT_PROJECT_VERSION = 1;
				DEVELOPMENT_TEAM = 2XP9JWLHYD;
				GENERATE_INFOPLIST_FILE = YES;
				INFOPLIST_FILE = "FlagsApp N20/SupportingFiles/Info.plist";
				INFOPLIST_KEY_UIApplicationSupportsIndirectInputEvents = YES;
				INFOPLIST_KEY_UILaunchStoryboardName = LaunchScreen;
				INFOPLIST_KEY_UISupportedInterfaceOrientations = UIInterfaceOrientationPortrait;
				INFOPLIST_KEY_UISupportedInterfaceOrientations_iPad = "UIInterfaceOrientationLandscapeLeft UIInterfaceOrientationLandscapeRight UIInterfaceOrientationPortrait UIInterfaceOrientationPortraitUpsideDown";
				IPHONEOS_DEPLOYMENT_TARGET = 17.0;
				LD_RUNPATH_SEARCH_PATHS = (
					"$(inherited)",
					"@executable_path/Frameworks",
				);
				MARKETING_VERSION = 1.0;
				PRODUCT_BUNDLE_IDENTIFIER = "com.papuashvilizuka.FlagsApp-N20";
				PRODUCT_NAME = "$(TARGET_NAME)";
				SWIFT_EMIT_LOC_STRINGS = YES;
				SWIFT_VERSION = 5.0;
				TARGETED_DEVICE_FAMILY = "1,2";
			};
			name = Release;
		};
/* End XCBuildConfiguration section */

/* Begin XCConfigurationList section */
		60BB83692BD3DE0800ECCB13 /* Build configuration list for PBXProject "FlagsApp N20" */ = {
			isa = XCConfigurationList;
			buildConfigurations = (
				60BB83802BD3DE0A00ECCB13 /* Debug */,
				60BB83812BD3DE0A00ECCB13 /* Release */,
			);
			defaultConfigurationIsVisible = 0;
			defaultConfigurationName = Release;
		};
		60BB83822BD3DE0A00ECCB13 /* Build configuration list for PBXNativeTarget "FlagsApp N20" */ = {
			isa = XCConfigurationList;
			buildConfigurations = (
				60BB83832BD3DE0A00ECCB13 /* Debug */,
				60BB83842BD3DE0A00ECCB13 /* Release */,
			);
			defaultConfigurationIsVisible = 0;
			defaultConfigurationName = Release;
		};
/* End XCConfigurationList section */
	};
	rootObject = 60BB83662BD3DE0800ECCB13 /* Project object */;
}
