// !$*UTF8*$!
{
	archiveVersion = 1;
	classes = {
	};
	objectVersion = 56;
	objects = {

/* Begin PBXBuildFile section */
		6027095F2BC87FCC0032D9E3 /* AppDelegate.swift in Sources */ = {isa = PBXBuildFile; fileRef = 6027095E2BC87FCC0032D9E3 /* AppDelegate.swift */; };
		602709612BC87FCC0032D9E3 /* SceneDelegate.swift in Sources */ = {isa = PBXBuildFile; fileRef = 602709602BC87FCC0032D9E3 /* SceneDelegate.swift */; };
		602709632BC87FCC0032D9E3 /* ViewController.swift in Sources */ = {isa = PBXBuildFile; fileRef = 602709622BC87FCC0032D9E3 /* ViewController.swift */; };
		602709682BC87FCD0032D9E3 /* Assets.xcassets in Resources */ = {isa = PBXBuildFile; fileRef = 602709672BC87FCD0032D9E3 /* Assets.xcassets */; };
		6027096B2BC87FCD0032D9E3 /* Base in Resources */ = {isa = PBXBuildFile; fileRef = 6027096A2BC87FCD0032D9E3 /* Base */; };
		602709732BC88FBC0032D9E3 /* TableViewCell.swift in Sources */ = {isa = PBXBuildFile; fileRef = 602709722BC88FBC0032D9E3 /* TableViewCell.swift */; };
		602709782BC893E50032D9E3 /* DetailsViewController.swift in Sources */ = {isa = PBXBuildFile; fileRef = 602709772BC893E50032D9E3 /* DetailsViewController.swift */; };
		6027097D2BC8A8490032D9E3 /* DetailsModel.swift in Sources */ = {isa = PBXBuildFile; fileRef = 6027097C2BC8A8490032D9E3 /* DetailsModel.swift */; };
		6027097F2BC97ADD0032D9E3 /* DetailsTableViewCell.swift in Sources */ = {isa = PBXBuildFile; fileRef = 6027097E2BC97ADD0032D9E3 /* DetailsTableViewCell.swift */; };
/* End PBXBuildFile section */

/* Begin PBXFileReference section */
		6027095B2BC87FCC0032D9E3 /* Contacts N16.app */ = {isa = PBXFileReference; explicitFileType = wrapper.application; includeInIndex = 0; path = "Contacts N16.app"; sourceTree = BUILT_PRODUCTS_DIR; };
		6027095E2BC87FCC0032D9E3 /* AppDelegate.swift */ = {isa = PBXFileReference; lastKnownFileType = sourcecode.swift; path = AppDelegate.swift; sourceTree = "<group>"; };
		602709602BC87FCC0032D9E3 /* SceneDelegate.swift */ = {isa = PBXFileReference; lastKnownFileType = sourcecode.swift; path = SceneDelegate.swift; sourceTree = "<group>"; };
		602709622BC87FCC0032D9E3 /* ViewController.swift */ = {isa = PBXFileReference; lastKnownFileType = sourcecode.swift; path = ViewController.swift; sourceTree = "<group>"; };
		602709672BC87FCD0032D9E3 /* Assets.xcassets */ = {isa = PBXFileReference; lastKnownFileType = folder.assetcatalog; path = Assets.xcassets; sourceTree = "<group>"; };
		6027096A2BC87FCD0032D9E3 /* Base */ = {isa = PBXFileReference; lastKnownFileType = file.storyboard; name = Base; path = Base.lproj/LaunchScreen.storyboard; sourceTree = "<group>"; };
		6027096C2BC87FCD0032D9E3 /* Info.plist */ = {isa = PBXFileReference; lastKnownFileType = text.plist.xml; path = Info.plist; sourceTree = "<group>"; };
		602709722BC88FBC0032D9E3 /* TableViewCell.swift */ = {isa = PBXFileReference; lastKnownFileType = sourcecode.swift; path = TableViewCell.swift; sourceTree = "<group>"; };
		602709772BC893E50032D9E3 /* DetailsViewController.swift */ = {isa = PBXFileReference; lastKnownFileType = sourcecode.swift; path = DetailsViewController.swift; sourceTree = "<group>"; };
		6027097C2BC8A8490032D9E3 /* DetailsModel.swift */ = {isa = PBXFileReference; lastKnownFileType = sourcecode.swift; path = DetailsModel.swift; sourceTree = "<group>"; };
		6027097E2BC97ADD0032D9E3 /* DetailsTableViewCell.swift */ = {isa = PBXFileReference; lastKnownFileType = sourcecode.swift; path = DetailsTableViewCell.swift; sourceTree = "<group>"; };
/* End PBXFileReference section */

/* Begin PBXFrameworksBuildPhase section */
		602709582BC87FCC0032D9E3 /* Frameworks */ = {
			isa = PBXFrameworksBuildPhase;
			buildActionMask = 2147483647;
			files = (
			);
			runOnlyForDeploymentPostprocessing = 0;
		};
/* End PBXFrameworksBuildPhase section */

/* Begin PBXGroup section */
		602709522BC87FCC0032D9E3 = {
			isa = PBXGroup;
			children = (
				6027095D2BC87FCC0032D9E3 /* Contacts N16 */,
				6027095C2BC87FCC0032D9E3 /* Products */,
			);
			sourceTree = "<group>";
		};
		6027095C2BC87FCC0032D9E3 /* Products */ = {
			isa = PBXGroup;
			children = (
				6027095B2BC87FCC0032D9E3 /* Contacts N16.app */,
			);
			name = Products;
			sourceTree = "<group>";
		};
		6027095D2BC87FCC0032D9E3 /* Contacts N16 */ = {
			isa = PBXGroup;
			children = (
				602709762BC890310032D9E3 /* SupportFiles */,
				6027097B2BC8A7AF0032D9E3 /* Model */,
				602709752BC890120032D9E3 /* Controllers */,
				602709742BC88FC80032D9E3 /* CustomViews */,
				602709672BC87FCD0032D9E3 /* Assets.xcassets */,
				602709692BC87FCD0032D9E3 /* LaunchScreen.storyboard */,
				6027096C2BC87FCD0032D9E3 /* Info.plist */,
			);
			path = "Contacts N16";
			sourceTree = "<group>";
		};
		602709742BC88FC80032D9E3 /* CustomViews */ = {
			isa = PBXGroup;
			children = (
				602709722BC88FBC0032D9E3 /* TableViewCell.swift */,
				6027097E2BC97ADD0032D9E3 /* DetailsTableViewCell.swift */,
			);
			path = CustomViews;
			sourceTree = "<group>";
		};
		602709752BC890120032D9E3 /* Controllers */ = {
			isa = PBXGroup;
			children = (
				602709622BC87FCC0032D9E3 /* ViewController.swift */,
				602709772BC893E50032D9E3 /* DetailsViewController.swift */,
			);
			path = Controllers;
			sourceTree = "<group>";
		};
		602709762BC890310032D9E3 /* SupportFiles */ = {
			isa = PBXGroup;
			children = (
				6027095E2BC87FCC0032D9E3 /* AppDelegate.swift */,
				602709602BC87FCC0032D9E3 /* SceneDelegate.swift */,
			);
			path = SupportFiles;
			sourceTree = "<group>";
		};
		6027097B2BC8A7AF0032D9E3 /* Model */ = {
			isa = PBXGroup;
			children = (
				6027097C2BC8A8490032D9E3 /* DetailsModel.swift */,
			);
			path = Model;
			sourceTree = "<group>";
		};
/* End PBXGroup section */

/* Begin PBXNativeTarget section */
		6027095A2BC87FCC0032D9E3 /* Contacts N16 */ = {
			isa = PBXNativeTarget;
			buildConfigurationList = 6027096F2BC87FCD0032D9E3 /* Build configuration list for PBXNativeTarget "Contacts N16" */;
			buildPhases = (
				602709572BC87FCC0032D9E3 /* Sources */,
				602709582BC87FCC0032D9E3 /* Frameworks */,
				602709592BC87FCC0032D9E3 /* Resources */,
			);
			buildRules = (
			);
			dependencies = (
			);
			name = "Contacts N16";
			productName = "Contacts N16";
			productReference = 6027095B2BC87FCC0032D9E3 /* Contacts N16.app */;
			productType = "com.apple.product-type.application";
		};
/* End PBXNativeTarget section */

/* Begin PBXProject section */
		602709532BC87FCC0032D9E3 /* Project object */ = {
			isa = PBXProject;
			attributes = {
				BuildIndependentTargetsInParallel = 1;
				LastSwiftUpdateCheck = 1530;
				LastUpgradeCheck = 1530;
				TargetAttributes = {
					6027095A2BC87FCC0032D9E3 = {
						CreatedOnToolsVersion = 15.3;
					};
				};
			};
			buildConfigurationList = 602709562BC87FCC0032D9E3 /* Build configuration list for PBXProject "Contacts N16" */;
			compatibilityVersion = "Xcode 14.0";
			developmentRegion = en;
			hasScannedForEncodings = 0;
			knownRegions = (
				en,
				Base,
			);
			mainGroup = 602709522BC87FCC0032D9E3;
			productRefGroup = 6027095C2BC87FCC0032D9E3 /* Products */;
			projectDirPath = "";
			projectRoot = "";
			targets = (
				6027095A2BC87FCC0032D9E3 /* Contacts N16 */,
			);
		};
/* End PBXProject section */

/* Begin PBXResourcesBuildPhase section */
		602709592BC87FCC0032D9E3 /* Resources */ = {
			isa = PBXResourcesBuildPhase;
			buildActionMask = 2147483647;
			files = (
				602709682BC87FCD0032D9E3 /* Assets.xcassets in Resources */,
				6027096B2BC87FCD0032D9E3 /* Base in Resources */,
			);
			runOnlyForDeploymentPostprocessing = 0;
		};
/* End PBXResourcesBuildPhase section */

/* Begin PBXSourcesBuildPhase section */
		602709572BC87FCC0032D9E3 /* Sources */ = {
			isa = PBXSourcesBuildPhase;
			buildActionMask = 2147483647;
			files = (
				602709632BC87FCC0032D9E3 /* ViewController.swift in Sources */,
				602709732BC88FBC0032D9E3 /* TableViewCell.swift in Sources */,
				6027095F2BC87FCC0032D9E3 /* AppDelegate.swift in Sources */,
				602709612BC87FCC0032D9E3 /* SceneDelegate.swift in Sources */,
				6027097D2BC8A8490032D9E3 /* DetailsModel.swift in Sources */,
				602709782BC893E50032D9E3 /* DetailsViewController.swift in Sources */,
				6027097F2BC97ADD0032D9E3 /* DetailsTableViewCell.swift in Sources */,
			);
			runOnlyForDeploymentPostprocessing = 0;
		};
/* End PBXSourcesBuildPhase section */

/* Begin PBXVariantGroup section */
		602709692BC87FCD0032D9E3 /* LaunchScreen.storyboard */ = {
			isa = PBXVariantGroup;
			children = (
				6027096A2BC87FCD0032D9E3 /* Base */,
			);
			name = LaunchScreen.storyboard;
			sourceTree = "<group>";
		};
/* End PBXVariantGroup section */

/* Begin XCBuildConfiguration section */
		6027096D2BC87FCD0032D9E3 /* Debug */ = {
			isa = XCBuildConfiguration;
			buildSettings = {
				ALWAYS_SEARCH_USER_PATHS = NO;
				ASSETCATALOG_COMPILER_GENERATE_SWIFT_ASSET_SYMBOL_EXTENSIONS = YES;
				CLANG_ANALYZER_NONNULL = YES;
				CLANG_ANALYZER_NUMBER_OBJECT_CONVERSION = YES_AGGRESSIVE;
				CLANG_CXX_LANGUAGE_STANDARD = "gnu++20";
				CLANG_ENABLE_MODULES = YES;
				CLANG_ENABLE_OBJC_ARC = YES;
				CLANG_ENABLE_OBJC_WEAK = YES;
				CLANG_WARN_BLOCK_CAPTURE_AUTORELEASING = YES;
				CLANG_WARN_BOOL_CONVERSION = YES;
				CLANG_WARN_COMMA = YES;
				CLANG_WARN_CONSTANT_CONVERSION = YES;
				CLANG_WARN_DEPRECATED_OBJC_IMPLEMENTATIONS = YES;
				CLANG_WARN_DIRECT_OBJC_ISA_USAGE = YES_ERROR;
				CLANG_WARN_DOCUMENTATION_COMMENTS = YES;
				CLANG_WARN_EMPTY_BODY = YES;
				CLANG_WARN_ENUM_CONVERSION = YES;
				CLANG_WARN_INFINITE_RECURSION = YES;
				CLANG_WARN_INT_CONVERSION = YES;
				CLANG_WARN_NON_LITERAL_NULL_CONVERSION = YES;
				CLANG_WARN_OBJC_IMPLICIT_RETAIN_SELF = YES;
				CLANG_WARN_OBJC_LITERAL_CONVERSION = YES;
				CLANG_WARN_OBJC_ROOT_CLASS = YES_ERROR;
				CLANG_WARN_QUOTED_INCLUDE_IN_FRAMEWORK_HEADER = YES;
				CLANG_WARN_RANGE_LOOP_ANALYSIS = YES;
				CLANG_WARN_STRICT_PROTOTYPES = YES;
				CLANG_WARN_SUSPICIOUS_MOVE = YES;
				CLANG_WARN_UNGUARDED_AVAILABILITY = YES_AGGRESSIVE;
				CLANG_WARN_UNREACHABLE_CODE = YES;
				CLANG_WARN__DUPLICATE_METHOD_MATCH = YES;
				COPY_PHASE_STRIP = NO;
				DEBUG_INFORMATION_FORMAT = dwarf;
				ENABLE_STRICT_OBJC_MSGSEND = YES;
				ENABLE_TESTABILITY = YES;
				ENABLE_USER_SCRIPT_SANDBOXING = YES;
				GCC_C_LANGUAGE_STANDARD = gnu17;
				GCC_DYNAMIC_NO_PIC = NO;
				GCC_NO_COMMON_BLOCKS = YES;
				GCC_OPTIMIZATION_LEVEL = 0;
				GCC_PREPROCESSOR_DEFINITIONS = (
					"DEBUG=1",
					"$(inherited)",
				);
				GCC_WARN_64_TO_32_BIT_CONVERSION = YES;
				GCC_WARN_ABOUT_RETURN_TYPE = YES_ERROR;
				GCC_WARN_UNDECLARED_SELECTOR = YES;
				GCC_WARN_UNINITIALIZED_AUTOS = YES_AGGRESSIVE;
				GCC_WARN_UNUSED_FUNCTION = YES;
				GCC_WARN_UNUSED_VARIABLE = YES;
				IPHONEOS_DEPLOYMENT_TARGET = 17.4;
				LOCALIZATION_PREFERS_STRING_CATALOGS = YES;
				MTL_ENABLE_DEBUG_INFO = INCLUDE_SOURCE;
				MTL_FAST_MATH = YES;
				ONLY_ACTIVE_ARCH = YES;
				SDKROOT = iphoneos;
				SWIFT_ACTIVE_COMPILATION_CONDITIONS = "DEBUG $(inherited)";
				SWIFT_OPTIMIZATION_LEVEL = "-Onone";
			};
			name = Debug;
		};
		6027096E2BC87FCD0032D9E3 /* Release */ = {
			isa = XCBuildConfiguration;
			buildSettings = {
				ALWAYS_SEARCH_USER_PATHS = NO;
				ASSETCATALOG_COMPILER_GENERATE_SWIFT_ASSET_SYMBOL_EXTENSIONS = YES;
				CLANG_ANALYZER_NONNULL = YES;
				CLANG_ANALYZER_NUMBER_OBJECT_CONVERSION = YES_AGGRESSIVE;
				CLANG_CXX_LANGUAGE_STANDARD = "gnu++20";
				CLANG_ENABLE_MODULES = YES;
				CLANG_ENABLE_OBJC_ARC = YES;
				CLANG_ENABLE_OBJC_WEAK = YES;
				CLANG_WARN_BLOCK_CAPTURE_AUTORELEASING = YES;
				CLANG_WARN_BOOL_CONVERSION = YES;
				CLANG_WARN_COMMA = YES;
				CLANG_WARN_CONSTANT_CONVERSION = YES;
				CLANG_WARN_DEPRECATED_OBJC_IMPLEMENTATIONS = YES;
				CLANG_WARN_DIRECT_OBJC_ISA_USAGE = YES_ERROR;
				CLANG_WARN_DOCUMENTATION_COMMENTS = YES;
				CLANG_WARN_EMPTY_BODY = YES;
				CLANG_WARN_ENUM_CONVERSION = YES;
				CLANG_WARN_INFINITE_RECURSION = YES;
				CLANG_WARN_INT_CONVERSION = YES;
				CLANG_WARN_NON_LITERAL_NULL_CONVERSION = YES;
				CLANG_WARN_OBJC_IMPLICIT_RETAIN_SELF = YES;
				CLANG_WARN_OBJC_LITERAL_CONVERSION = YES;
				CLANG_WARN_OBJC_ROOT_CLASS = YES_ERROR;
				CLANG_WARN_QUOTED_INCLUDE_IN_FRAMEWORK_HEADER = YES;
				CLANG_WARN_RANGE_LOOP_ANALYSIS = YES;
				CLANG_WARN_STRICT_PROTOTYPES = YES;
				CLANG_WARN_SUSPICIOUS_MOVE = YES;
				CLANG_WARN_UNGUARDED_AVAILABILITY = YES_AGGRESSIVE;
				CLANG_WARN_UNREACHABLE_CODE = YES;
				CLANG_WARN__DUPLICATE_METHOD_MATCH = YES;
				COPY_PHASE_STRIP = NO;
				DEBUG_INFORMATION_FORMAT = "dwarf-with-dsym";
				ENABLE_NS_ASSERTIONS = NO;
				ENABLE_STRICT_OBJC_MSGSEND = YES;
				ENABLE_USER_SCRIPT_SANDBOXING = YES;
				GCC_C_LANGUAGE_STANDARD = gnu17;
				GCC_NO_COMMON_BLOCKS = YES;
				GCC_WARN_64_TO_32_BIT_CONVERSION = YES;
				GCC_WARN_ABOUT_RETURN_TYPE = YES_ERROR;
				GCC_WARN_UNDECLARED_SELECTOR = YES;
				GCC_WARN_UNINITIALIZED_AUTOS = YES_AGGRESSIVE;
				GCC_WARN_UNUSED_FUNCTION = YES;
				GCC_WARN_UNUSED_VARIABLE = YES;
				IPHONEOS_DEPLOYMENT_TARGET = 17.4;
				LOCALIZATION_PREFERS_STRING_CATALOGS = YES;
				MTL_ENABLE_DEBUG_INFO = NO;
				MTL_FAST_MATH = YES;
				SDKROOT = iphoneos;
				SWIFT_COMPILATION_MODE = wholemodule;
				VALIDATE_PRODUCT = YES;
			};
			name = Release;
		};
		602709702BC87FCD0032D9E3 /* Debug */ = {
			isa = XCBuildConfiguration;
			buildSettings = {
				ASSETCATALOG_COMPILER_APPICON_NAME = AppIcon;
				ASSETCATALOG_COMPILER_GLOBAL_ACCENT_COLOR_NAME = AccentColor;
				CODE_SIGN_STYLE = Automatic;
				CURRENT_PROJECT_VERSION = 1;
				DEVELOPMENT_TEAM = 2XP9JWLHYD;
				GENERATE_INFOPLIST_FILE = YES;
				INFOPLIST_FILE = "Contacts N16/Info.plist";
				INFOPLIST_KEY_UIApplicationSupportsIndirectInputEvents = YES;
				INFOPLIST_KEY_UILaunchStoryboardName = LaunchScreen;
				INFOPLIST_KEY_UISupportedInterfaceOrientations = UIInterfaceOrientationPortrait;
				INFOPLIST_KEY_UISupportedInterfaceOrientations_iPad = "UIInterfaceOrientationLandscapeLeft UIInterfaceOrientationLandscapeRight UIInterfaceOrientationPortrait UIInterfaceOrientationPortraitUpsideDown";
				IPHONEOS_DEPLOYMENT_TARGET = 17.0;
				LD_RUNPATH_SEARCH_PATHS = (
					"$(inherited)",
					"@executable_path/Frameworks",
				);
				MARKETING_VERSION = 1.0;
				PRODUCT_BUNDLE_IDENTIFIER = "com.papuashvilizuka.Contacts-N16";
				PRODUCT_NAME = "$(TARGET_NAME)";
				SWIFT_EMIT_LOC_STRINGS = YES;
				SWIFT_VERSION = 5.0;
				TARGETED_DEVICE_FAMILY = "1,2";
			};
			name = Debug;
		};
		602709712BC87FCD0032D9E3 /* Release */ = {
			isa = XCBuildConfiguration;
			buildSettings = {
				ASSETCATALOG_COMPILER_APPICON_NAME = AppIcon;
				ASSETCATALOG_COMPILER_GLOBAL_ACCENT_COLOR_NAME = AccentColor;
				CODE_SIGN_STYLE = Automatic;
				CURRENT_PROJECT_VERSION = 1;
				DEVELOPMENT_TEAM = 2XP9JWLHYD;
				GENERATE_INFOPLIST_FILE = YES;
				INFOPLIST_FILE = "Contacts N16/Info.plist";
				INFOPLIST_KEY_UIApplicationSupportsIndirectInputEvents = YES;
				INFOPLIST_KEY_UILaunchStoryboardName = LaunchScreen;
				INFOPLIST_KEY_UISupportedInterfaceOrientations = UIInterfaceOrientationPortrait;
				INFOPLIST_KEY_UISupportedInterfaceOrientations_iPad = "UIInterfaceOrientationLandscapeLeft UIInterfaceOrientationLandscapeRight UIInterfaceOrientationPortrait UIInterfaceOrientationPortraitUpsideDown";
				IPHONEOS_DEPLOYMENT_TARGET = 17.0;
				LD_RUNPATH_SEARCH_PATHS = (
					"$(inherited)",
					"@executable_path/Frameworks",
				);
				MARKETING_VERSION = 1.0;
				PRODUCT_BUNDLE_IDENTIFIER = "com.papuashvilizuka.Contacts-N16";
				PRODUCT_NAME = "$(TARGET_NAME)";
				SWIFT_EMIT_LOC_STRINGS = YES;
				SWIFT_VERSION = 5.0;
				TARGETED_DEVICE_FAMILY = "1,2";
			};
			name = Release;
		};
/* End XCBuildConfiguration section */

/* Begin XCConfigurationList section */
		602709562BC87FCC0032D9E3 /* Build configuration list for PBXProject "Contacts N16" */ = {
			isa = XCConfigurationList;
			buildConfigurations = (
				6027096D2BC87FCD0032D9E3 /* Debug */,
				6027096E2BC87FCD0032D9E3 /* Release */,
			);
			defaultConfigurationIsVisible = 0;
			defaultConfigurationName = Release;
		};
		6027096F2BC87FCD0032D9E3 /* Build configuration list for PBXNativeTarget "Contacts N16" */ = {
			isa = XCConfigurationList;
			buildConfigurations = (
				602709702BC87FCD0032D9E3 /* Debug */,
				602709712BC87FCD0032D9E3 /* Release */,
			);
			defaultConfigurationIsVisible = 0;
			defaultConfigurationName = Release;
		};
/* End XCConfigurationList section */
	};
	rootObject = 602709532BC87FCC0032D9E3 /* Project object */;
}
